
Microsoft Visual Studio Solution File, Format Version 12.00
# Visual Studio Version 16
VisualStudioVersion = 16.0.30128.74
MinimumVisualStudioVersion = 10.0.40219.1
Project("{FAE04EC0-301F-11D3-BF4B-00C04F79EFBC}") = "Solid.App", "Solid.App\Solid.App.csproj", "{68E301A3-E63B-4B80-BC86-2A76803CE27B}"
EndProject
Project("{FAE04EC0-301F-11D3-BF4B-00C04F79EFBC}") = "Solid.Infrastructure", "Solid.Infrastructure\Solid.Infrastructure.csproj", "{124272D2-2C68-4C8D-82C5-5C580AA15B36}"
EndProject
Project("{FAE04EC0-301F-11D3-BF4B-00C04F79EFBC}") = "Solid.Domain", "Solid.Domain\Solid.Domain.csproj", "{0ADC14F1-4274-479F-A5C8-04AAA9D0DAB7}"
EndProject
Project("{FAE04EC0-301F-11D3-BF4B-00C04F79EFBC}") = "Solid.BusinessRules", "Solid.BusinessRules\Solid.BusinessRules.csproj", "{6797BF1C-71A6-44A5-8BF0-5C0AF5DF8ADD}"
EndProject
Global
	GlobalSection(SolutionConfigurationPlatforms) = preSolution
		Debug|Any CPU = Debug|Any CPU
		Release|Any CPU = Release|Any CPU
	EndGlobalSection
	GlobalSection(ProjectConfigurationPlatforms) = postSolution
		{68E301A3-E63B-4B80-BC86-2A76803CE27B}.Debug|Any CPU.ActiveCfg = Debug|Any CPU
		{68E301A3-E63B-4B80-BC86-2A76803CE27B}.Debug|Any CPU.Build.0 = Debug|Any CPU
		{68E301A3-E63B-4B80-BC86-2A76803CE27B}.Release|Any CPU.ActiveCfg = Release|Any CPU
		{68E301A3-E63B-4B80-BC86-2A76803CE27B}.Release|Any CPU.Build.0 = Release|Any CPU
		{124272D2-2C68-4C8D-82C5-5C580AA15B36}.Debug|Any CPU.ActiveCfg = Debug|Any CPU
		{124272D2-2C68-4C8D-82C5-5C580AA15B36}.Debug|Any CPU.Build.0 = Debug|Any CPU
		{124272D2-2C68-4C8D-82C5-5C580AA15B36}.Release|Any CPU.ActiveCfg = Release|Any CPU
		{124272D2-2C68-4C8D-82C5-5C580AA15B36}.Release|Any CPU.Build.0 = Release|Any CPU
		{0ADC14F1-4274-479F-A5C8-04AAA9D0DAB7}.Debug|Any CPU.ActiveCfg = Debug|Any CPU
		{0ADC14F1-4274-479F-A5C8-04AAA9D0DAB7}.Debug|Any CPU.Build.0 = Debug|Any CPU
		{0ADC14F1-4274-479F-A5C8-04AAA9D0DAB7}.Release|Any CPU.ActiveCfg = Release|Any CPU
		{0ADC14F1-4274-479F-A5C8-04AAA9D0DAB7}.Release|Any CPU.Build.0 = Release|Any CPU
		{6797BF1C-71A6-44A5-8BF0-5C0AF5DF8ADD}.Debug|Any CPU.ActiveCfg = Debug|Any CPU
		{6797BF1C-71A6-44A5-8BF0-5C0AF5DF8ADD}.Debug|Any CPU.Build.0 = Debug|Any CPU
		{6797BF1C-71A6-44A5-8BF0-5C0AF5DF8ADD}.Release|Any CPU.ActiveCfg = Release|Any CPU
		{6797BF1C-71A6-44A5-8BF0-5C0AF5DF8ADD}.Release|Any CPU.Build.0 = Release|Any CPU
	EndGlobalSection
	GlobalSection(SolutionProperties) = preSolution
		HideSolutionNode = FALSE
	EndGlobalSection
	GlobalSection(ExtensibilityGlobals) = postSolution
		SolutionGuid = {6CCE7F4F-F795-4237-97B1-072D6300FD7B}
	EndGlobalSection
EndGlobal
